
Microsoft Visual Studio Solution File, Format Version 12.00
# Visual Studio 14
VisualStudioVersion = 14.0.25123.0
MinimumVisualStudioVersion = 10.0.40219.1
Project("{FAE04EC0-301F-11D3-BF4B-00C04F79EFBC}") = "HpToolsLauncher", "HpToolsLauncher.csproj", "{11BC441C-87A6-41B9-82AE-1F2F606AF45E}"
EndProject
Project("{2150E333-8FDC-42A3-9474-1A3956D46DE8}") = "Solution Items", "Solution Items", "{9E444876-1EC1-4EC2-B91F-187FF7FBC0D1}"
	ProjectSection(SolutionItems) = preProject
		HpToolsLauncher1.vsmdi = HpToolsLauncher1.vsmdi
		Local.testsettings = Local.testsettings
		TraceAndTestImpact.testsettings = TraceAndTestImpact.testsettings
	EndProjectSection
EndProject
Project("{FAE04EC0-301F-11D3-BF4B-00C04F79EFBC}") = "HpToolsLauncherTests", "HpToolsLauncherTests\HpToolsLauncherTests.csproj", "{A1DAB8E0-DAB0-40F8-AA44-B5B4C2913301}"
EndProject
Project("{FAE04EC0-301F-11D3-BF4B-00C04F79EFBC}") = "LRAnalysisLauncher", "..\LRAnalysisLauncher\LRAnalysisLauncher.csproj", "{49496A5D-3FD7-437E-9649-1E2CE2BA6838}"
EndProject
Project("{FAE04EC0-301F-11D3-BF4B-00C04F79EFBC}") = "HpToolsAborter", "..\HpToolsAborter\HpToolsAborter.csproj", "{2DFF94C6-A748-4749-B716-6D8DFB936D43}"
	ProjectSection(ProjectDependencies) = postProject
		{11BC441C-87A6-41B9-82AE-1F2F606AF45E} = {11BC441C-87A6-41B9-82AE-1F2F606AF45E}
		{49496A5D-3FD7-437E-9649-1E2CE2BA6838} = {49496A5D-3FD7-437E-9649-1E2CE2BA6838}
	EndProjectSection
EndProject
Global
	GlobalSection(SolutionConfigurationPlatforms) = preSolution
		Debug|Any CPU = Debug|Any CPU
		Debug|Mixed Platforms = Debug|Mixed Platforms
		Debug|x86 = Debug|x86
		Release|Any CPU = Release|Any CPU
		Release|Mixed Platforms = Release|Mixed Platforms
		Release|x86 = Release|x86
	EndGlobalSection
	GlobalSection(ProjectConfigurationPlatforms) = postSolution
		{11BC441C-87A6-41B9-82AE-1F2F606AF45E}.Debug|Any CPU.ActiveCfg = Debug|x86
		{11BC441C-87A6-41B9-82AE-1F2F606AF45E}.Debug|Mixed Platforms.ActiveCfg = Debug|x86
		{11BC441C-87A6-41B9-82AE-1F2F606AF45E}.Debug|Mixed Platforms.Build.0 = Debug|x86
		{11BC441C-87A6-41B9-82AE-1F2F606AF45E}.Debug|x86.ActiveCfg = Debug|x86
		{11BC441C-87A6-41B9-82AE-1F2F606AF45E}.Debug|x86.Build.0 = Debug|x86
		{11BC441C-87A6-41B9-82AE-1F2F606AF45E}.Release|Any CPU.ActiveCfg = Release|x86
		{11BC441C-87A6-41B9-82AE-1F2F606AF45E}.Release|Mixed Platforms.ActiveCfg = Release|x86
		{11BC441C-87A6-41B9-82AE-1F2F606AF45E}.Release|Mixed Platforms.Build.0 = Release|x86
		{11BC441C-87A6-41B9-82AE-1F2F606AF45E}.Release|x86.ActiveCfg = Release|x86
		{11BC441C-87A6-41B9-82AE-1F2F606AF45E}.Release|x86.Build.0 = Release|x86
		{A1DAB8E0-DAB0-40F8-AA44-B5B4C2913301}.Debug|Any CPU.ActiveCfg = Debug|Any CPU
		{A1DAB8E0-DAB0-40F8-AA44-B5B4C2913301}.Debug|Any CPU.Build.0 = Debug|Any CPU
		{A1DAB8E0-DAB0-40F8-AA44-B5B4C2913301}.Debug|Mixed Platforms.ActiveCfg = Debug|Any CPU
		{A1DAB8E0-DAB0-40F8-AA44-B5B4C2913301}.Debug|Mixed Platforms.Build.0 = Debug|Any CPU
		{A1DAB8E0-DAB0-40F8-AA44-B5B4C2913301}.Debug|x86.ActiveCfg = Debug|Any CPU
		{A1DAB8E0-DAB0-40F8-AA44-B5B4C2913301}.Release|Any CPU.ActiveCfg = Release|Any CPU
		{A1DAB8E0-DAB0-40F8-AA44-B5B4C2913301}.Release|Any CPU.Build.0 = Release|Any CPU
		{A1DAB8E0-DAB0-40F8-AA44-B5B4C2913301}.Release|Mixed Platforms.ActiveCfg = Release|Any CPU
		{A1DAB8E0-DAB0-40F8-AA44-B5B4C2913301}.Release|Mixed Platforms.Build.0 = Release|Any CPU
		{A1DAB8E0-DAB0-40F8-AA44-B5B4C2913301}.Release|x86.ActiveCfg = Release|Any CPU
		{49496A5D-3FD7-437E-9649-1E2CE2BA6838}.Debug|Any CPU.ActiveCfg = Debug|x86
		{49496A5D-3FD7-437E-9649-1E2CE2BA6838}.Debug|Mixed Platforms.ActiveCfg = Debug|x86
		{49496A5D-3FD7-437E-9649-1E2CE2BA6838}.Debug|Mixed Platforms.Build.0 = Debug|x86
		{49496A5D-3FD7-437E-9649-1E2CE2BA6838}.Debug|x86.ActiveCfg = Debug|x86
		{49496A5D-3FD7-437E-9649-1E2CE2BA6838}.Debug|x86.Build.0 = Debug|x86
		{49496A5D-3FD7-437E-9649-1E2CE2BA6838}.Release|Any CPU.ActiveCfg = Release|x86
		{49496A5D-3FD7-437E-9649-1E2CE2BA6838}.Release|Mixed Platforms.ActiveCfg = Release|x86
		{49496A5D-3FD7-437E-9649-1E2CE2BA6838}.Release|Mixed Platforms.Build.0 = Release|x86
		{49496A5D-3FD7-437E-9649-1E2CE2BA6838}.Release|x86.ActiveCfg = Release|x86
		{49496A5D-3FD7-437E-9649-1E2CE2BA6838}.Release|x86.Build.0 = Release|x86
		{2DFF94C6-A748-4749-B716-6D8DFB936D43}.Debug|Any CPU.ActiveCfg = Debug|x86
		{2DFF94C6-A748-4749-B716-6D8DFB936D43}.Debug|Mixed Platforms.ActiveCfg = Debug|x86
		{2DFF94C6-A748-4749-B716-6D8DFB936D43}.Debug|Mixed Platforms.Build.0 = Debug|x86
		{2DFF94C6-A748-4749-B716-6D8DFB936D43}.Debug|x86.ActiveCfg = Debug|x86
		{2DFF94C6-A748-4749-B716-6D8DFB936D43}.Debug|x86.Build.0 = Debug|x86
		{2DFF94C6-A748-4749-B716-6D8DFB936D43}.Release|Any CPU.ActiveCfg = Release|x86
		{2DFF94C6-A748-4749-B716-6D8DFB936D43}.Release|Mixed Platforms.ActiveCfg = Release|x86
		{2DFF94C6-A748-4749-B716-6D8DFB936D43}.Release|Mixed Platforms.Build.0 = Release|x86
		{2DFF94C6-A748-4749-B716-6D8DFB936D43}.Release|x86.ActiveCfg = Release|x86
		{2DFF94C6-A748-4749-B716-6D8DFB936D43}.Release|x86.Build.0 = Release|x86
	EndGlobalSection
	GlobalSection(SolutionProperties) = preSolution
		HideSolutionNode = FALSE
	EndGlobalSection
	GlobalSection(TestCaseManagementSettings) = postSolution
		CategoryFile = HpToolsLauncher1.vsmdi
	EndGlobalSection
EndGlobal
